
Microsoft Visual Studio Solution File, Format Version 12.00
# Visual Studio 15
VisualStudioVersion = 15.0.27703.2047
MinimumVisualStudioVersion = 10.0.40219.1
Project("{9A19103F-16F7-4668-BE54-9A1E7A4F7556}") = "GoogleDriveIntegrationService", "src\GoogleDriveIntegrationService\GoogleDriveIntegrationService\GoogleDriveIntegrationService.csproj", "{25A70BB0-D9F5-47CF-A3EA-0F335E3E2C4A}"
EndProject
Global
	GlobalSection(SolutionConfigurationPlatforms) = preSolution
		Debug|Any CPU = Debug|Any CPU
		Release|Any CPU = Release|Any CPU
	EndGlobalSection
	GlobalSection(ProjectConfigurationPlatforms) = postSolution
		{25A70BB0-D9F5-47CF-A3EA-0F335E3E2C4A}.Debug|Any CPU.ActiveCfg = Debug|Any CPU
		{25A70BB0-D9F5-47CF-A3EA-0F335E3E2C4A}.Debug|Any CPU.Build.0 = Debug|Any CPU
		{25A70BB0-D9F5-47CF-A3EA-0F335E3E2C4A}.Release|Any CPU.ActiveCfg = Release|Any CPU
		{25A70BB0-D9F5-47CF-A3EA-0F335E3E2C4A}.Release|Any CPU.Build.0 = Release|Any CPU
	EndGlobalSection
	GlobalSection(SolutionProperties) = preSolution
		HideSolutionNode = FALSE
	EndGlobalSection
	GlobalSection(ExtensibilityGlobals) = postSolution
		SolutionGuid = {412130E9-5645-4442-BA87-FCF44D6BEA17}
	EndGlobalSection
EndGlobal
